
Microsoft Visual Studio Solution File, Format Version 12.00
# Visual Studio Version 17
VisualStudioVersion = 17.14.36121.58 d17.14
MinimumVisualStudioVersion = 10.0.40219.1
Project("{FAE04EC0-301F-11D3-BF4B-00C04F79EFBC}") = "backend", "backend.csproj", "{44F0A023-C6E2-41BC-BC6D-D0A465B62ABD}"
EndProject
Global
	GlobalSection(SolutionConfigurationPlatforms) = preSolution
		Debug|Any CPU = Debug|Any CPU
		Release|Any CPU = Release|Any CPU
	EndGlobalSection
	GlobalSection(ProjectConfigurationPlatforms) = postSolution
		{44F0A023-C6E2-41BC-BC6D-D0A465B62ABD}.Debug|Any CPU.ActiveCfg = Debug|Any CPU
		{44F0A023-C6E2-41BC-BC6D-D0A465B62ABD}.Debug|Any CPU.Build.0 = Debug|Any CPU
		{44F0A023-C6E2-41BC-BC6D-D0A465B62ABD}.Release|Any CPU.ActiveCfg = Release|Any CPU
		{44F0A023-C6E2-41BC-BC6D-D0A465B62ABD}.Release|Any CPU.Build.0 = Release|Any CPU
	EndGlobalSection
	GlobalSection(SolutionProperties) = preSolution
		HideSolutionNode = FALSE
	EndGlobalSection
	GlobalSection(ExtensibilityGlobals) = postSolution
		SolutionGuid = {7D2514D1-3A5E-416C-8D89-15C6D6A955B7}
	EndGlobalSection
EndGlobal
